
Microsoft Visual Studio Solution File, Format Version 12.00
# Visual Studio Version 17
VisualStudioVersion = 17.3.32811.315
MinimumVisualStudioVersion = 10.0.40219.1
Project("{8BC9CEB8-8B4A-11D0-8D11-00A0C91BC942}") = "graphes", "graphes\graphes.vcxproj", "{192D79E2-4AB4-4D50-A90F-192FB1055FA2}"
EndProject
Global
	GlobalSection(SolutionConfigurationPlatforms) = preSolution
		Debug|x64 = Debug|x64
		Debug|x86 = Debug|x86
		Release|x64 = Release|x64
		Release|x86 = Release|x86
	EndGlobalSection
	GlobalSection(ProjectConfigurationPlatforms) = postSolution
		{192D79E2-4AB4-4D50-A90F-192FB1055FA2}.Debug|x64.ActiveCfg = Debug|x64
		{192D79E2-4AB4-4D50-A90F-192FB1055FA2}.Debug|x64.Build.0 = Debug|x64
		{192D79E2-4AB4-4D50-A90F-192FB1055FA2}.Debug|x86.ActiveCfg = Debug|Win32
		{192D79E2-4AB4-4D50-A90F-192FB1055FA2}.Debug|x86.Build.0 = Debug|Win32
		{192D79E2-4AB4-4D50-A90F-192FB1055FA2}.Release|x64.ActiveCfg = Release|x64
		{192D79E2-4AB4-4D50-A90F-192FB1055FA2}.Release|x64.Build.0 = Release|x64
		{192D79E2-4AB4-4D50-A90F-192FB1055FA2}.Release|x86.ActiveCfg = Release|Win32
		{192D79E2-4AB4-4D50-A90F-192FB1055FA2}.Release|x86.Build.0 = Release|Win32
	EndGlobalSection
	GlobalSection(SolutionProperties) = preSolution
		HideSolutionNode = FALSE
	EndGlobalSection
	GlobalSection(ExtensibilityGlobals) = postSolution
		SolutionGuid = {714CBFC4-3750-4E27-B561-3D13C78E4B73}
	EndGlobalSection
EndGlobal
